// !$*UTF8*$!
{
	archiveVersion = 1;
	classes = {
	};
	objectVersion = 55;
	objects = {

/* Begin PBXBuildFile section */
		52DA549F27FFAAA1000E6B41 /* HerApp.swift in Sources */ = {isa = PBXBuildFile; fileRef = 52DA549E27FFAAA1000E6B41 /* HerApp.swift */; };
		52DA54A127FFAAA1000E6B41 /* ContentView.swift in Sources */ = {isa = PBXBuildFile; fileRef = 52DA54A027FFAAA1000E6B41 /* ContentView.swift */; };
		52DA54A327FFAAA2000E6B41 /* Assets.xcassets in Resources */ = {isa = PBXBuildFile; fileRef = 52DA54A227FFAAA2000E6B41 /* Assets.xcassets */; };
		52DA54A627FFAAA2000E6B41 /* Preview Assets.xcassets in Resources */ = {isa = PBXBuildFile; fileRef = 52DA54A527FFAAA2000E6B41 /* Preview Assets.xcassets */; };
		52DA54CA27FFACFA000E6B41 /* Collections+ifExistsAt.swift in Sources */ = {isa = PBXBuildFile; fileRef = 52DA54C927FFACFA000E6B41 /* Collections+ifExistsAt.swift */; };
		52DA54CC27FFAD25000E6B41 /* ClipboardHelper.swift in Sources */ = {isa = PBXBuildFile; fileRef = 52DA54CB27FFAD25000E6B41 /* ClipboardHelper.swift */; };
		52DA54CE27FFAD3E000E6B41 /* TestApp.swift in Sources */ = {isa = PBXBuildFile; fileRef = 52DA54CD27FFAD3E000E6B41 /* TestApp.swift */; };
		52DA54D227FFAE84000E6B41 /* WebLauncher.swift in Sources */ = {isa = PBXBuildFile; fileRef = 52DA54D127FFAE84000E6B41 /* WebLauncher.swift */; };
		52DA54D427FFAFD7000E6B41 /* SupportThisAppView.swift in Sources */ = {isa = PBXBuildFile; fileRef = 52DA54D327FFAFD7000E6B41 /* SupportThisAppView.swift */; };
		52DA54D627FFAFE5000E6B41 /* Constants.swift in Sources */ = {isa = PBXBuildFile; fileRef = 52DA54D527FFAFE5000E6B41 /* Constants.swift */; };
		52DA54D927FFB402000E6B41 /* SFSafeSymbols in Frameworks */ = {isa = PBXBuildFile; productRef = 52DA54D827FFB402000E6B41 /* SFSafeSymbols */; };
		52DA54DC27FFB418000E6B41 /* KeychainAccess in Frameworks */ = {isa = PBXBuildFile; productRef = 52DA54DB27FFB418000E6B41 /* KeychainAccess */; };
		52DA54DF27FFB44D000E6B41 /* BottomSheet in Frameworks */ = {isa = PBXBuildFile; productRef = 52DA54DE27FFB44D000E6B41 /* BottomSheet */; };
		52DA54E227FFB481000E6B41 /* OpenAI in Frameworks */ = {isa = PBXBuildFile; productRef = 52DA54E127FFB481000E6B41 /* OpenAI */; };
/* End PBXBuildFile section */

/* Begin PBXContainerItemProxy section */
		52DA54AC27FFAAA2000E6B41 /* PBXContainerItemProxy */ = {
			isa = PBXContainerItemProxy;
			containerPortal = 52DA549327FFAAA1000E6B41 /* Project object */;
			proxyType = 1;
			remoteGlobalIDString = 52DA549A27FFAAA1000E6B41;
			remoteInfo = Her;
		};
/* End PBXContainerItemProxy section */

/* Begin PBXFileReference section */
		52DA549B27FFAAA1000E6B41 /* Her.app */ = {isa = PBXFileReference; explicitFileType = wrapper.application; includeInIndex = 0; path = Her.app; sourceTree = BUILT_PRODUCTS_DIR; };
		52DA549E27FFAAA1000E6B41 /* HerApp.swift */ = {isa = PBXFileReference; lastKnownFileType = sourcecode.swift; path = HerApp.swift; sourceTree = "<group>"; };
		52DA54A027FFAAA1000E6B41 /* ContentView.swift */ = {isa = PBXFileReference; lastKnownFileType = sourcecode.swift; path = ContentView.swift; sourceTree = "<group>"; };
		52DA54A227FFAAA2000E6B41 /* Assets.xcassets */ = {isa = PBXFileReference; lastKnownFileType = folder.assetcatalog; path = Assets.xcassets; sourceTree = "<group>"; };
		52DA54A527FFAAA2000E6B41 /* Preview Assets.xcassets */ = {isa = PBXFileReference; lastKnownFileType = folder.assetcatalog; path = "Preview Assets.xcassets"; sourceTree = "<group>"; };
		52DA54AB27FFAAA2000E6B41 /* HerTests.xctest */ = {isa = PBXFileReference; explicitFileType = wrapper.cfbundle; includeInIndex = 0; path = HerTests.xctest; sourceTree = BUILT_PRODUCTS_DIR; };
		52DA54C927FFACFA000E6B41 /* Collections+ifExistsAt.swift */ = {isa = PBXFileReference; fileEncoding = 4; lastKnownFileType = sourcecode.swift; path = "Collections+ifExistsAt.swift"; sourceTree = "<group>"; };
		52DA54CB27FFAD25000E6B41 /* ClipboardHelper.swift */ = {isa = PBXFileReference; fileEncoding = 4; lastKnownFileType = sourcecode.swift; path = ClipboardHelper.swift; sourceTree = "<group>"; };
		52DA54CD27FFAD3E000E6B41 /* TestApp.swift */ = {isa = PBXFileReference; fileEncoding = 4; lastKnownFileType = sourcecode.swift; path = TestApp.swift; sourceTree = "<group>"; };
		52DA54D127FFAE84000E6B41 /* WebLauncher.swift */ = {isa = PBXFileReference; fileEncoding = 4; lastKnownFileType = sourcecode.swift; path = WebLauncher.swift; sourceTree = "<group>"; };
		52DA54D327FFAFD7000E6B41 /* SupportThisAppView.swift */ = {isa = PBXFileReference; fileEncoding = 4; lastKnownFileType = sourcecode.swift; path = SupportThisAppView.swift; sourceTree = "<group>"; };
		52DA54D527FFAFE5000E6B41 /* Constants.swift */ = {isa = PBXFileReference; fileEncoding = 4; lastKnownFileType = sourcecode.swift; path = Constants.swift; sourceTree = "<group>"; };
/* End PBXFileReference section */

/* Begin PBXFrameworksBuildPhase section */
		52DA549827FFAAA1000E6B41 /* Frameworks */ = {
			isa = PBXFrameworksBuildPhase;
			buildActionMask = 2147483647;
			files = (
				52DA54DC27FFB418000E6B41 /* KeychainAccess in Frameworks */,
				52DA54DF27FFB44D000E6B41 /* BottomSheet in Frameworks */,
				52DA54E227FFB481000E6B41 /* OpenAI in Frameworks */,
				52DA54D927FFB402000E6B41 /* SFSafeSymbols in Frameworks */,
			);
			runOnlyForDeploymentPostprocessing = 0;
		};
		52DA54A827FFAAA2000E6B41 /* Frameworks */ = {
			isa = PBXFrameworksBuildPhase;
			buildActionMask = 2147483647;
			files = (
			);
			runOnlyForDeploymentPostprocessing = 0;
		};
/* End PBXFrameworksBuildPhase section */

/* Begin PBXGroup section */
		52DA549227FFAAA0000E6B41 = {
			isa = PBXGroup;
			children = (
				52DA549D27FFAAA1000E6B41 /* Her */,
				52DA54AE27FFAAA2000E6B41 /* HerTests */,
				52DA549C27FFAAA1000E6B41 /* Products */,
			);
			sourceTree = "<group>";
		};
		52DA549C27FFAAA1000E6B41 /* Products */ = {
			isa = PBXGroup;
			children = (
				52DA549B27FFAAA1000E6B41 /* Her.app */,
				52DA54AB27FFAAA2000E6B41 /* HerTests.xctest */,
			);
			name = Products;
			sourceTree = "<group>";
		};
		52DA549D27FFAAA1000E6B41 /* Her */ = {
			isa = PBXGroup;
			children = (
				52DA54D527FFAFE5000E6B41 /* Constants.swift */,
				52DA54D027FFADAC000E6B41 /* Views */,
				52DA54CF27FFAD81000E6B41 /* Helpers */,
				52DA54C827FFACED000E6B41 /* Extensions */,
				52DA549E27FFAAA1000E6B41 /* HerApp.swift */,
				52DA54A227FFAAA2000E6B41 /* Assets.xcassets */,
				52DA54A427FFAAA2000E6B41 /* Preview Content */,
			);
			path = Her;
			sourceTree = "<group>";
		};
		52DA54A427FFAAA2000E6B41 /* Preview Content */ = {
			isa = PBXGroup;
			children = (
				52DA54A527FFAAA2000E6B41 /* Preview Assets.xcassets */,
			);
			path = "Preview Content";
			sourceTree = "<group>";
		};
		52DA54AE27FFAAA2000E6B41 /* HerTests */ = {
			isa = PBXGroup;
			children = (
				52DA54CD27FFAD3E000E6B41 /* TestApp.swift */,
			);
			path = HerTests;
			sourceTree = "<group>";
		};
		52DA54C827FFACED000E6B41 /* Extensions */ = {
			isa = PBXGroup;
			children = (
				52DA54C927FFACFA000E6B41 /* Collections+ifExistsAt.swift */,
			);
			path = Extensions;
			sourceTree = "<group>";
		};
		52DA54CF27FFAD81000E6B41 /* Helpers */ = {
			isa = PBXGroup;
			children = (
				52DA54D127FFAE84000E6B41 /* WebLauncher.swift */,
				52DA54CB27FFAD25000E6B41 /* ClipboardHelper.swift */,
			);
			path = Helpers;
			sourceTree = "<group>";
		};
		52DA54D027FFADAC000E6B41 /* Views */ = {
			isa = PBXGroup;
			children = (
				52DA54D327FFAFD7000E6B41 /* SupportThisAppView.swift */,
				52DA54A027FFAAA1000E6B41 /* ContentView.swift */,
			);
			path = Views;
			sourceTree = "<group>";
		};
/* End PBXGroup section */

/* Begin PBXNativeTarget section */
		52DA549A27FFAAA1000E6B41 /* Her */ = {
			isa = PBXNativeTarget;
			buildConfigurationList = 52DA54BF27FFAAA3000E6B41 /* Build configuration list for PBXNativeTarget "Her" */;
			buildPhases = (
				52DA549727FFAAA1000E6B41 /* Sources */,
				52DA549827FFAAA1000E6B41 /* Frameworks */,
				52DA549927FFAAA1000E6B41 /* Resources */,
			);
			buildRules = (
			);
			dependencies = (
			);
			name = Her;
			packageProductDependencies = (
				52DA54D827FFB402000E6B41 /* SFSafeSymbols */,
				52DA54DB27FFB418000E6B41 /* KeychainAccess */,
				52DA54DE27FFB44D000E6B41 /* BottomSheet */,
				52DA54E127FFB481000E6B41 /* OpenAI */,
			);
			productName = Her;
			productReference = 52DA549B27FFAAA1000E6B41 /* Her.app */;
			productType = "com.apple.product-type.application";
		};
		52DA54AA27FFAAA2000E6B41 /* HerTests */ = {
			isa = PBXNativeTarget;
			buildConfigurationList = 52DA54C227FFAAA3000E6B41 /* Build configuration list for PBXNativeTarget "HerTests" */;
			buildPhases = (
				52DA54A727FFAAA2000E6B41 /* Sources */,
				52DA54A827FFAAA2000E6B41 /* Frameworks */,
				52DA54A927FFAAA2000E6B41 /* Resources */,
			);
			buildRules = (
			);
			dependencies = (
				52DA54AD27FFAAA2000E6B41 /* PBXTargetDependency */,
			);
			name = HerTests;
			productName = HerTests;
			productReference = 52DA54AB27FFAAA2000E6B41 /* HerTests.xctest */;
			productType = "com.apple.product-type.bundle.unit-test";
		};
/* End PBXNativeTarget section */

/* Begin PBXProject section */
		52DA549327FFAAA1000E6B41 /* Project object */ = {
			isa = PBXProject;
			attributes = {
				BuildIndependentTargetsInParallel = 1;
				LastSwiftUpdateCheck = 1330;
				LastUpgradeCheck = 1330;
				TargetAttributes = {
					52DA549A27FFAAA1000E6B41 = {
						CreatedOnToolsVersion = 13.3;
					};
					52DA54AA27FFAAA2000E6B41 = {
						CreatedOnToolsVersion = 13.3;
						TestTargetID = 52DA549A27FFAAA1000E6B41;
					};
				};
			};
			buildConfigurationList = 52DA549627FFAAA1000E6B41 /* Build configuration list for PBXProject "Her" */;
			compatibilityVersion = "Xcode 13.0";
			developmentRegion = en;
			hasScannedForEncodings = 0;
			knownRegions = (
				en,
				Base,
			);
			mainGroup = 52DA549227FFAAA0000E6B41;
			packageReferences = (
				52DA54D727FFB402000E6B41 /* XCRemoteSwiftPackageReference "SFSafeSymbols" */,
				52DA54DA27FFB418000E6B41 /* XCRemoteSwiftPackageReference "KeychainAccess" */,
				52DA54DD27FFB44D000E6B41 /* XCRemoteSwiftPackageReference "bottom-sheet" */,
				52DA54E027FFB481000E6B41 /* XCRemoteSwiftPackageReference "OpenAI" */,
			);
			productRefGroup = 52DA549C27FFAAA1000E6B41 /* Products */;
			projectDirPath = "";
			projectRoot = "";
			targets = (
				52DA549A27FFAAA1000E6B41 /* Her */,
				52DA54AA27FFAAA2000E6B41 /* HerTests */,
			);
		};
/* End PBXProject section */

/* Begin PBXResourcesBuildPhase section */
		52DA549927FFAAA1000E6B41 /* Resources */ = {
			isa = PBXResourcesBuildPhase;
			buildActionMask = 2147483647;
			files = (
				52DA54A627FFAAA2000E6B41 /* Preview Assets.xcassets in Resources */,
				52DA54A327FFAAA2000E6B41 /* Assets.xcassets in Resources */,
			);
			runOnlyForDeploymentPostprocessing = 0;
		};
		52DA54A927FFAAA2000E6B41 /* Resources */ = {
			isa = PBXResourcesBuildPhase;
			buildActionMask = 2147483647;
			files = (
			);
			runOnlyForDeploymentPostprocessing = 0;
		};
/* End PBXResourcesBuildPhase section */

/* Begin PBXSourcesBuildPhase section */
		52DA549727FFAAA1000E6B41 /* Sources */ = {
			isa = PBXSourcesBuildPhase;
			buildActionMask = 2147483647;
			files = (
				52DA54CC27FFAD25000E6B41 /* ClipboardHelper.swift in Sources */,
				52DA54CA27FFACFA000E6B41 /* Collections+ifExistsAt.swift in Sources */,
				52DA54D227FFAE84000E6B41 /* WebLauncher.swift in Sources */,
				52DA54A127FFAAA1000E6B41 /* ContentView.swift in Sources */,
				52DA54D627FFAFE5000E6B41 /* Constants.swift in Sources */,
				52DA54D427FFAFD7000E6B41 /* SupportThisAppView.swift in Sources */,
				52DA549F27FFAAA1000E6B41 /* HerApp.swift in Sources */,
			);
			runOnlyForDeploymentPostprocessing = 0;
		};
		52DA54A727FFAAA2000E6B41 /* Sources */ = {
			isa = PBXSourcesBuildPhase;
			buildActionMask = 2147483647;
			files = (
				52DA54CE27FFAD3E000E6B41 /* TestApp.swift in Sources */,
			);
			runOnlyForDeploymentPostprocessing = 0;
		};
/* End PBXSourcesBuildPhase section */

/* Begin PBXTargetDependency section */
		52DA54AD27FFAAA2000E6B41 /* PBXTargetDependency */ = {
			isa = PBXTargetDependency;
			target = 52DA549A27FFAAA1000E6B41 /* Her */;
			targetProxy = 52DA54AC27FFAAA2000E6B41 /* PBXContainerItemProxy */;
		};
/* End PBXTargetDependency section */

/* Begin XCBuildConfiguration section */
		52DA54BD27FFAAA3000E6B41 /* Debug */ = {
			isa = XCBuildConfiguration;
			buildSettings = {
				ALWAYS_SEARCH_USER_PATHS = NO;
				CLANG_ANALYZER_NONNULL = YES;
				CLANG_ANALYZER_NUMBER_OBJECT_CONVERSION = YES_AGGRESSIVE;
				CLANG_CXX_LANGUAGE_STANDARD = "gnu++17";
				CLANG_ENABLE_MODULES = YES;
				CLANG_ENABLE_OBJC_ARC = YES;
				CLANG_ENABLE_OBJC_WEAK = YES;
				CLANG_WARN_BLOCK_CAPTURE_AUTORELEASING = YES;
				CLANG_WARN_BOOL_CONVERSION = YES;
				CLANG_WARN_COMMA = YES;
				CLANG_WARN_CONSTANT_CONVERSION = YES;
				CLANG_WARN_DEPRECATED_OBJC_IMPLEMENTATIONS = YES;
				CLANG_WARN_DIRECT_OBJC_ISA_USAGE = YES_ERROR;
				CLANG_WARN_DOCUMENTATION_COMMENTS = YES;
				CLANG_WARN_EMPTY_BODY = YES;
				CLANG_WARN_ENUM_CONVERSION = YES;
				CLANG_WARN_INFINITE_RECURSION = YES;
				CLANG_WARN_INT_CONVERSION = YES;
				CLANG_WARN_NON_LITERAL_NULL_CONVERSION = YES;
				CLANG_WARN_OBJC_IMPLICIT_RETAIN_SELF = YES;
				CLANG_WARN_OBJC_LITERAL_CONVERSION = YES;
				CLANG_WARN_OBJC_ROOT_CLASS = YES_ERROR;
				CLANG_WARN_QUOTED_INCLUDE_IN_FRAMEWORK_HEADER = YES;
				CLANG_WARN_RANGE_LOOP_ANALYSIS = YES;
				CLANG_WARN_STRICT_PROTOTYPES = YES;
				CLANG_WARN_SUSPICIOUS_MOVE = YES;
				CLANG_WARN_UNGUARDED_AVAILABILITY = YES_AGGRESSIVE;
				CLANG_WARN_UNREACHABLE_CODE = YES;
				CLANG_WARN__DUPLICATE_METHOD_MATCH = YES;
				COPY_PHASE_STRIP = NO;
				DEBUG_INFORMATION_FORMAT = dwarf;
				ENABLE_STRICT_OBJC_MSGSEND = YES;
				ENABLE_TESTABILITY = YES;
				GCC_C_LANGUAGE_STANDARD = gnu11;
				GCC_DYNAMIC_NO_PIC = NO;
				GCC_NO_COMMON_BLOCKS = YES;
				GCC_OPTIMIZATION_LEVEL = 0;
				GCC_PREPROCESSOR_DEFINITIONS = (
					"DEBUG=1",
					"$(inherited)",
				);
				GCC_WARN_64_TO_32_BIT_CONVERSION = YES;
				GCC_WARN_ABOUT_RETURN_TYPE = YES_ERROR;
				GCC_WARN_UNDECLARED_SELECTOR = YES;
				GCC_WARN_UNINITIALIZED_AUTOS = YES_AGGRESSIVE;
				GCC_WARN_UNUSED_FUNCTION = YES;
				GCC_WARN_UNUSED_VARIABLE = YES;
				IPHONEOS_DEPLOYMENT_TARGET = 15.4;
				MTL_ENABLE_DEBUG_INFO = INCLUDE_SOURCE;
				MTL_FAST_MATH = YES;
				ONLY_ACTIVE_ARCH = YES;
				SDKROOT = iphoneos;
				SWIFT_ACTIVE_COMPILATION_CONDITIONS = DEBUG;
				SWIFT_OPTIMIZATION_LEVEL = "-Onone";
			};
			name = Debug;
		};
		52DA54BE27FFAAA3000E6B41 /* Release */ = {
			isa = XCBuildConfiguration;
			buildSettings = {
				ALWAYS_SEARCH_USER_PATHS = NO;
				CLANG_ANALYZER_NONNULL = YES;
				CLANG_ANALYZER_NUMBER_OBJECT_CONVERSION = YES_AGGRESSIVE;
				CLANG_CXX_LANGUAGE_STANDARD = "gnu++17";
				CLANG_ENABLE_MODULES = YES;
				CLANG_ENABLE_OBJC_ARC = YES;
				CLANG_ENABLE_OBJC_WEAK = YES;
				CLANG_WARN_BLOCK_CAPTURE_AUTORELEASING = YES;
				CLANG_WARN_BOOL_CONVERSION = YES;
				CLANG_WARN_COMMA = YES;
				CLANG_WARN_CONSTANT_CONVERSION = YES;
				CLANG_WARN_DEPRECATED_OBJC_IMPLEMENTATIONS = YES;
				CLANG_WARN_DIRECT_OBJC_ISA_USAGE = YES_ERROR;
				CLANG_WARN_DOCUMENTATION_COMMENTS = YES;
				CLANG_WARN_EMPTY_BODY = YES;
				CLANG_WARN_ENUM_CONVERSION = YES;
				CLANG_WARN_INFINITE_RECURSION = YES;
				CLANG_WARN_INT_CONVERSION = YES;
				CLANG_WARN_NON_LITERAL_NULL_CONVERSION = YES;
				CLANG_WARN_OBJC_IMPLICIT_RETAIN_SELF = YES;
				CLANG_WARN_OBJC_LITERAL_CONVERSION = YES;
				CLANG_WARN_OBJC_ROOT_CLASS = YES_ERROR;
				CLANG_WARN_QUOTED_INCLUDE_IN_FRAMEWORK_HEADER = YES;
				CLANG_WARN_RANGE_LOOP_ANALYSIS = YES;
				CLANG_WARN_STRICT_PROTOTYPES = YES;
				CLANG_WARN_SUSPICIOUS_MOVE = YES;
				CLANG_WARN_UNGUARDED_AVAILABILITY = YES_AGGRESSIVE;
				CLANG_WARN_UNREACHABLE_CODE = YES;
				CLANG_WARN__DUPLICATE_METHOD_MATCH = YES;
				COPY_PHASE_STRIP = NO;
				DEBUG_INFORMATION_FORMAT = "dwarf-with-dsym";
				ENABLE_NS_ASSERTIONS = NO;
				ENABLE_STRICT_OBJC_MSGSEND = YES;
				GCC_C_LANGUAGE_STANDARD = gnu11;
				GCC_NO_COMMON_BLOCKS = YES;
				GCC_WARN_64_TO_32_BIT_CONVERSION = YES;
				GCC_WARN_ABOUT_RETURN_TYPE = YES_ERROR;
				GCC_WARN_UNDECLARED_SELECTOR = YES;
				GCC_WARN_UNINITIALIZED_AUTOS = YES_AGGRESSIVE;
				GCC_WARN_UNUSED_FUNCTION = YES;
				GCC_WARN_UNUSED_VARIABLE = YES;
				IPHONEOS_DEPLOYMENT_TARGET = 15.4;
				MTL_ENABLE_DEBUG_INFO = NO;
				MTL_FAST_MATH = YES;
				SDKROOT = iphoneos;
				SWIFT_COMPILATION_MODE = wholemodule;
				SWIFT_OPTIMIZATION_LEVEL = "-O";
				VALIDATE_PRODUCT = YES;
			};
			name = Release;
		};
		52DA54C027FFAAA3000E6B41 /* Debug */ = {
			isa = XCBuildConfiguration;
			buildSettings = {
				ASSETCATALOG_COMPILER_APPICON_NAME = AppIcon;
				ASSETCATALOG_COMPILER_GLOBAL_ACCENT_COLOR_NAME = AccentColor;
				CODE_SIGN_STYLE = Automatic;
				CURRENT_PROJECT_VERSION = 1;
				DEVELOPMENT_ASSET_PATHS = "\"Her/Preview Content\"";
				DEVELOPMENT_TEAM = WRJ8J85K4Q;
				ENABLE_PREVIEWS = YES;
				GENERATE_INFOPLIST_FILE = YES;
				INFOPLIST_KEY_UIApplicationSceneManifest_Generation = YES;
				INFOPLIST_KEY_UIApplicationSupportsIndirectInputEvents = YES;
				INFOPLIST_KEY_UILaunchScreen_Generation = YES;
				INFOPLIST_KEY_UISupportedInterfaceOrientations = "UIInterfaceOrientationLandscapeLeft UIInterfaceOrientationLandscapeRight UIInterfaceOrientationPortrait";
				INFOPLIST_KEY_UISupportedInterfaceOrientations_iPad = "UIInterfaceOrientationPortrait UIInterfaceOrientationPortraitUpsideDown UIInterfaceOrientationLandscapeLeft UIInterfaceOrientationLandscapeRight";
				INFOPLIST_KEY_UISupportedInterfaceOrientations_iPhone = "UIInterfaceOrientationPortrait UIInterfaceOrientationLandscapeLeft UIInterfaceOrientationLandscapeRight";
				LD_RUNPATH_SEARCH_PATHS = (
					"$(inherited)",
					"@executable_path/Frameworks",
				);
				MARKETING_VERSION = 1.0;
				PRODUCT_BUNDLE_IDENTIFIER = com.codedbydan.Her;
				PRODUCT_NAME = "$(TARGET_NAME)";
				SWIFT_EMIT_LOC_STRINGS = YES;
				SWIFT_VERSION = 5.0;
				TARGETED_DEVICE_FAMILY = "1,2";
			};
			name = Debug;
		};
		52DA54C127FFAAA3000E6B41 /* Release */ = {
			isa = XCBuildConfiguration;
			buildSettings = {
				ASSETCATALOG_COMPILER_APPICON_NAME = AppIcon;
				ASSETCATALOG_COMPILER_GLOBAL_ACCENT_COLOR_NAME = AccentColor;
				CODE_SIGN_STYLE = Automatic;
				CURRENT_PROJECT_VERSION = 1;
				DEVELOPMENT_ASSET_PATHS = "\"Her/Preview Content\"";
				DEVELOPMENT_TEAM = WRJ8J85K4Q;
				ENABLE_PREVIEWS = YES;
				GENERATE_INFOPLIST_FILE = YES;
				INFOPLIST_KEY_UIApplicationSceneManifest_Generation = YES;
				INFOPLIST_KEY_UIApplicationSupportsIndirectInputEvents = YES;
				INFOPLIST_KEY_UILaunchScreen_Generation = YES;
				INFOPLIST_KEY_UISupportedInterfaceOrientations = "UIInterfaceOrientationLandscapeLeft UIInterfaceOrientationLandscapeRight UIInterfaceOrientationPortrait";
				INFOPLIST_KEY_UISupportedInterfaceOrientations_iPad = "UIInterfaceOrientationPortrait UIInterfaceOrientationPortraitUpsideDown UIInterfaceOrientationLandscapeLeft UIInterfaceOrientationLandscapeRight";
				INFOPLIST_KEY_UISupportedInterfaceOrientations_iPhone = "UIInterfaceOrientationPortrait UIInterfaceOrientationLandscapeLeft UIInterfaceOrientationLandscapeRight";
				LD_RUNPATH_SEARCH_PATHS = (
					"$(inherited)",
					"@executable_path/Frameworks",
				);
				MARKETING_VERSION = 1.0;
				PRODUCT_BUNDLE_IDENTIFIER = com.codedbydan.Her;
				PRODUCT_NAME = "$(TARGET_NAME)";
				SWIFT_EMIT_LOC_STRINGS = YES;
				SWIFT_VERSION = 5.0;
				TARGETED_DEVICE_FAMILY = "1,2";
			};
			name = Release;
		};
		52DA54C327FFAAA3000E6B41 /* Debug */ = {
			isa = XCBuildConfiguration;
			buildSettings = {
				ALWAYS_EMBED_SWIFT_STANDARD_LIBRARIES = YES;
				BUNDLE_LOADER = "$(TEST_HOST)";
				CODE_SIGN_STYLE = Automatic;
				CURRENT_PROJECT_VERSION = 1;
				DEVELOPMENT_TEAM = WRJ8J85K4Q;
				GENERATE_INFOPLIST_FILE = YES;
				IPHONEOS_DEPLOYMENT_TARGET = 15.4;
				MARKETING_VERSION = 1.0;
				PRODUCT_BUNDLE_IDENTIFIER = com.codedbydan.HerTests;
				PRODUCT_NAME = "$(TARGET_NAME)";
				SWIFT_EMIT_LOC_STRINGS = NO;
				SWIFT_VERSION = 5.0;
				TARGETED_DEVICE_FAMILY = "1,2";
				TEST_HOST = "$(BUILT_PRODUCTS_DIR)/Her.app/Her";
			};
			name = Debug;
		};
		52DA54C427FFAAA3000E6B41 /* Release */ = {
			isa = XCBuildConfiguration;
			buildSettings = {
				ALWAYS_EMBED_SWIFT_STANDARD_LIBRARIES = YES;
				BUNDLE_LOADER = "$(TEST_HOST)";
				CODE_SIGN_STYLE = Automatic;
				CURRENT_PROJECT_VERSION = 1;
				DEVELOPMENT_TEAM = WRJ8J85K4Q;
				GENERATE_INFOPLIST_FILE = YES;
				IPHONEOS_DEPLOYMENT_TARGET = 15.4;
				MARKETING_VERSION = 1.0;
				PRODUCT_BUNDLE_IDENTIFIER = com.codedbydan.HerTests;
				PRODUCT_NAME = "$(TARGET_NAME)";
				SWIFT_EMIT_LOC_STRINGS = NO;
				SWIFT_VERSION = 5.0;
				TARGETED_DEVICE_FAMILY = "1,2";
				TEST_HOST = "$(BUILT_PRODUCTS_DIR)/Her.app/Her";
			};
			name = Release;
		};
/* End XCBuildConfiguration section */

/* Begin XCConfigurationList section */
		52DA549627FFAAA1000E6B41 /* Build configuration list for PBXProject "Her" */ = {
			isa = XCConfigurationList;
			buildConfigurations = (
				52DA54BD27FFAAA3000E6B41 /* Debug */,
				52DA54BE27FFAAA3000E6B41 /* Release */,
			);
			defaultConfigurationIsVisible = 0;
			defaultConfigurationName = Release;
		};
		52DA54BF27FFAAA3000E6B41 /* Build configuration list for PBXNativeTarget "Her" */ = {
			isa = XCConfigurationList;
			buildConfigurations = (
				52DA54C027FFAAA3000E6B41 /* Debug */,
				52DA54C127FFAAA3000E6B41 /* Release */,
			);
			defaultConfigurationIsVisible = 0;
			defaultConfigurationName = Release;
		};
		52DA54C227FFAAA3000E6B41 /* Build configuration list for PBXNativeTarget "HerTests" */ = {
			isa = XCConfigurationList;
			buildConfigurations = (
				52DA54C327FFAAA3000E6B41 /* Debug */,
				52DA54C427FFAAA3000E6B41 /* Release */,
			);
			defaultConfigurationIsVisible = 0;
			defaultConfigurationName = Release;
		};
/* End XCConfigurationList section */

/* Begin XCRemoteSwiftPackageReference section */
		52DA54D727FFB402000E6B41 /* XCRemoteSwiftPackageReference "SFSafeSymbols" */ = {
			isa = XCRemoteSwiftPackageReference;
			repositoryURL = "https://github.com/SFSafeSymbols/SFSafeSymbols";
			requirement = {
				kind = upToNextMajorVersion;
				minimumVersion = 2.0.0;
			};
		};
		52DA54DA27FFB418000E6B41 /* XCRemoteSwiftPackageReference "KeychainAccess" */ = {
			isa = XCRemoteSwiftPackageReference;
			repositoryURL = "https://github.com/kishikawakatsumi/KeychainAccess";
			requirement = {
				branch = master;
				kind = branch;
			};
		};
		52DA54DD27FFB44D000E6B41 /* XCRemoteSwiftPackageReference "bottom-sheet" */ = {
			isa = XCRemoteSwiftPackageReference;
			repositoryURL = "https://github.com/weitieda/bottom-sheet";
			requirement = {
				kind = upToNextMajorVersion;
				minimumVersion = 1.0.0;
			};
		};
		52DA54E027FFB481000E6B41 /* XCRemoteSwiftPackageReference "OpenAI" */ = {
			isa = XCRemoteSwiftPackageReference;
			repositoryURL = "https://github.com/mattt/OpenAI";
			requirement = {
				kind = upToNextMajorVersion;
				minimumVersion = 0.1.3;
			};
		};
/* End XCRemoteSwiftPackageReference section */

/* Begin XCSwiftPackageProductDependency section */
		52DA54D827FFB402000E6B41 /* SFSafeSymbols */ = {
			isa = XCSwiftPackageProductDependency;
			package = 52DA54D727FFB402000E6B41 /* XCRemoteSwiftPackageReference "SFSafeSymbols" */;
			productName = SFSafeSymbols;
		};
		52DA54DB27FFB418000E6B41 /* KeychainAccess */ = {
			isa = XCSwiftPackageProductDependency;
			package = 52DA54DA27FFB418000E6B41 /* XCRemoteSwiftPackageReference "KeychainAccess" */;
			productName = KeychainAccess;
		};
		52DA54DE27FFB44D000E6B41 /* BottomSheet */ = {
			isa = XCSwiftPackageProductDependency;
			package = 52DA54DD27FFB44D000E6B41 /* XCRemoteSwiftPackageReference "bottom-sheet" */;
			productName = BottomSheet;
		};
		52DA54E127FFB481000E6B41 /* OpenAI */ = {
			isa = XCSwiftPackageProductDependency;
			package = 52DA54E027FFB481000E6B41 /* XCRemoteSwiftPackageReference "OpenAI" */;
			productName = OpenAI;
		};
/* End XCSwiftPackageProductDependency section */
	};
	rootObject = 52DA549327FFAAA1000E6B41 /* Project object */;
}
